
Microsoft Visual Studio Solution File, Format Version 12.00
# Visual Studio 15
VisualStudioVersion = 15.0.28307.136
MinimumVisualStudioVersion = 10.0.40219.1
Project("{FAE04EC0-301F-11D3-BF4B-00C04F79EFBC}") = "Selenium.Test", "..\..\..\Users\mjoinson\source\repos\SeleniumTest\SeleniumTest\Selenium.Test.csproj", "{35B51E3E-9573-478E-9248-2E1DD861BD0C}"
EndProject
Project("{FAE04EC0-301F-11D3-BF4B-00C04F79EFBC}") = "Selenium.Framework", "..\..\..\Users\mjoinson\source\repos\SeleniumTest\Selenium.Framework\Selenium.Framework.csproj", "{88DA89A7-540F-4193-B99D-0CFD81D9EF70}"
EndProject
Global
	GlobalSection(SolutionConfigurationPlatforms) = preSolution
		Debug|Any CPU = Debug|Any CPU
		Release|Any CPU = Release|Any CPU
	EndGlobalSection
	GlobalSection(ProjectConfigurationPlatforms) = postSolution
		{35B51E3E-9573-478E-9248-2E1DD861BD0C}.Debug|Any CPU.ActiveCfg = Debug|Any CPU
		{35B51E3E-9573-478E-9248-2E1DD861BD0C}.Debug|Any CPU.Build.0 = Debug|Any CPU
		{35B51E3E-9573-478E-9248-2E1DD861BD0C}.Release|Any CPU.ActiveCfg = Release|Any CPU
		{35B51E3E-9573-478E-9248-2E1DD861BD0C}.Release|Any CPU.Build.0 = Release|Any CPU
		{88DA89A7-540F-4193-B99D-0CFD81D9EF70}.Debug|Any CPU.ActiveCfg = Debug|Any CPU
		{88DA89A7-540F-4193-B99D-0CFD81D9EF70}.Debug|Any CPU.Build.0 = Debug|Any CPU
		{88DA89A7-540F-4193-B99D-0CFD81D9EF70}.Release|Any CPU.ActiveCfg = Release|Any CPU
		{88DA89A7-540F-4193-B99D-0CFD81D9EF70}.Release|Any CPU.Build.0 = Release|Any CPU
	EndGlobalSection
	GlobalSection(SolutionProperties) = preSolution
		HideSolutionNode = FALSE
	EndGlobalSection
	GlobalSection(ExtensibilityGlobals) = postSolution
		SolutionGuid = {1CC33077-D88B-4A24-BD9C-AA0DFA2E68CD}
	EndGlobalSection
EndGlobal
